{
  "version": 4,
  "terraform_version": "1.9.2",
  "serial": 7,
  "lineage": "7405bb2a-66e4-d60e-57fa-b0d5859d687c",
  "outputs": {},
  "resources": [
    {
      "mode": "managed",
      "type": "docker_image",
      "name": "sql-image",
      "provider": "provider[\"registry.terraform.io/kreuzwerker/docker\"]",
      "instances": [
        {
          "schema_version": 0,
          "attributes": {
            "build": [],
            "force_remove": null,
            "id": "sha256:994123c66ce4ddceaf05556a7c841fa60d63b8e65d8eead5deff2dae795b78e2mcr.microsoft.com/mssql/server:latest",
            "image_id": "sha256:994123c66ce4ddceaf05556a7c841fa60d63b8e65d8eead5deff2dae795b78e2",
            "keep_locally": null,
            "name": "mcr.microsoft.com/mssql/server:latest",
            "platform": null,
            "pull_triggers": null,
            "repo_digest": "mcr.microsoft.com/mssql/server@sha256:c4369c38385eba011c10906dc8892425831275bb035d5ce69656da8e29de50d8",
            "triggers": null
          },
          "sensitive_attributes": [],
          "private": "bnVsbA=="
        }
      ]
    },
    {
      "mode": "managed",
      "type": "docker_volume",
      "name": "sqldata",
      "provider": "provider[\"registry.terraform.io/kreuzwerker/docker\"]",
      "instances": [
        {
          "schema_version": 1,
          "attributes": {
            "driver": "local",
            "driver_opts": {},
            "id": "sqldata",
            "labels": [],
            "mountpoint": "/var/lib/docker/volumes/sqldata/_data",
            "name": "sqldata"
          },
          "sensitive_attributes": [],
          "private": "eyJzY2hlbWFfdmVyc2lvbiI6IjEifQ=="
        }
      ]
    }
  ],
  "check_results": null
}
